
Microsoft Visual Studio Solution File, Format Version 12.00
# Visual Studio Version 17
VisualStudioVersion = 17.8.34330.188
MinimumVisualStudioVersion = 10.0.40219.1
Project("{FAE04EC0-301F-11D3-BF4B-00C04F79EFBC}") = "Vize_odevi", "Vize_odevi\Vize_odevi.csproj", "{55230389-38EF-4EE4-B967-2076A173326B}"
EndProject
Global
	GlobalSection(SolutionConfigurationPlatforms) = preSolution
		Debug|Any CPU = Debug|Any CPU
		Release|Any CPU = Release|Any CPU
	EndGlobalSection
	GlobalSection(ProjectConfigurationPlatforms) = postSolution
		{55230389-38EF-4EE4-B967-2076A173326B}.Debug|Any CPU.ActiveCfg = Debug|Any CPU
		{55230389-38EF-4EE4-B967-2076A173326B}.Debug|Any CPU.Build.0 = Debug|Any CPU
		{55230389-38EF-4EE4-B967-2076A173326B}.Release|Any CPU.ActiveCfg = Release|Any CPU
		{55230389-38EF-4EE4-B967-2076A173326B}.Release|Any CPU.Build.0 = Release|Any CPU
	EndGlobalSection
	GlobalSection(SolutionProperties) = preSolution
		HideSolutionNode = FALSE
	EndGlobalSection
	GlobalSection(ExtensibilityGlobals) = postSolution
		SolutionGuid = {9CD70FBE-7A50-4B7B-8571-E8652580E46B}
	EndGlobalSection
EndGlobal
